
Microsoft Visual Studio Solution File, Format Version 12.00
# Visual Studio 2013
VisualStudioVersion = 12.0.21005.1
MinimumVisualStudioVersion = 10.0.40219.1
Project("{FAE04EC0-301F-11D3-BF4B-00C04F79EFBC}") = "StudentEntryReadSqlApp", "StudentEntryReadSqlApp\StudentEntryReadSqlApp.csproj", "{55EBB046-24A9-4FA6-AA64-D0729899D10C}"
EndProject
Project("{FAE04EC0-301F-11D3-BF4B-00C04F79EFBC}") = "StudentEntrySqlApp1", "..\StudentEntrySqlApp1\StudentEntrySqlApp1\StudentEntrySqlApp1.csproj", "{1B26BBD7-7C40-416C-8853-054C36AA4929}"
EndProject
Global
	GlobalSection(SolutionConfigurationPlatforms) = preSolution
		Debug|Any CPU = Debug|Any CPU
		Release|Any CPU = Release|Any CPU
	EndGlobalSection
	GlobalSection(ProjectConfigurationPlatforms) = postSolution
		{55EBB046-24A9-4FA6-AA64-D0729899D10C}.Debug|Any CPU.ActiveCfg = Debug|Any CPU
		{55EBB046-24A9-4FA6-AA64-D0729899D10C}.Debug|Any CPU.Build.0 = Debug|Any CPU
		{55EBB046-24A9-4FA6-AA64-D0729899D10C}.Release|Any CPU.ActiveCfg = Release|Any CPU
		{55EBB046-24A9-4FA6-AA64-D0729899D10C}.Release|Any CPU.Build.0 = Release|Any CPU
		{1B26BBD7-7C40-416C-8853-054C36AA4929}.Debug|Any CPU.ActiveCfg = Debug|Any CPU
		{1B26BBD7-7C40-416C-8853-054C36AA4929}.Debug|Any CPU.Build.0 = Debug|Any CPU
		{1B26BBD7-7C40-416C-8853-054C36AA4929}.Release|Any CPU.ActiveCfg = Release|Any CPU
		{1B26BBD7-7C40-416C-8853-054C36AA4929}.Release|Any CPU.Build.0 = Release|Any CPU
	EndGlobalSection
	GlobalSection(SolutionProperties) = preSolution
		HideSolutionNode = FALSE
	EndGlobalSection
EndGlobal
